
Microsoft Visual Studio Solution File, Format Version 12.00
# Visual Studio Version 17
VisualStudioVersion = 17.10.35013.160
MinimumVisualStudioVersion = 10.0.40219.1
Project("{9A19103F-16F7-4668-BE54-9A1E7A4F7556}") = "HNG_Organisation", "HNG_Organisation\HNG_Organisation.csproj", "{9AF3B0A7-1825-4E7F-920D-947897A51DDC}"
EndProject
Project("{FAE04EC0-301F-11D3-BF4B-00C04F79EFBC}") = "HNG_Organisation.Tests", "HNG_Organisation.Tests\HNG_Organisation.Tests.csproj", "{65ADD8AE-4784-4107-98F0-00E7A7170B60}"
EndProject
Global
	GlobalSection(SolutionConfigurationPlatforms) = preSolution
		Debug|Any CPU = Debug|Any CPU
		Release|Any CPU = Release|Any CPU
	EndGlobalSection
	GlobalSection(ProjectConfigurationPlatforms) = postSolution
		{9AF3B0A7-1825-4E7F-920D-947897A51DDC}.Debug|Any CPU.ActiveCfg = Debug|Any CPU
		{9AF3B0A7-1825-4E7F-920D-947897A51DDC}.Debug|Any CPU.Build.0 = Debug|Any CPU
		{9AF3B0A7-1825-4E7F-920D-947897A51DDC}.Release|Any CPU.ActiveCfg = Release|Any CPU
		{9AF3B0A7-1825-4E7F-920D-947897A51DDC}.Release|Any CPU.Build.0 = Release|Any CPU
		{65ADD8AE-4784-4107-98F0-00E7A7170B60}.Debug|Any CPU.ActiveCfg = Debug|Any CPU
		{65ADD8AE-4784-4107-98F0-00E7A7170B60}.Debug|Any CPU.Build.0 = Debug|Any CPU
		{65ADD8AE-4784-4107-98F0-00E7A7170B60}.Release|Any CPU.ActiveCfg = Release|Any CPU
		{65ADD8AE-4784-4107-98F0-00E7A7170B60}.Release|Any CPU.Build.0 = Release|Any CPU
	EndGlobalSection
	GlobalSection(SolutionProperties) = preSolution
		HideSolutionNode = FALSE
	EndGlobalSection
	GlobalSection(ExtensibilityGlobals) = postSolution
		SolutionGuid = {82A7FC80-ADA6-4377-B7DF-D25845E5A571}
	EndGlobalSection
EndGlobal
